{
    "_meta": {
        "hash": {
            "sha256": "42037d1c393e67972443a497de0a5d66bd2dcc041d91c5ac29c840093f3e5e45"
        },
        "pipfile-spec": 6,
        "requires": {
            "python_version": "3.7"
        },
        "sources": [
            {
                "name": "pypi",
                "url": "https://pypi.org/simple",
                "verify_ssl": true
            }
        ]
    },
    "default": {
        "termcolor": {
            "hashes": [
                "sha256:1d6d69ce66211143803fbc56652b41d73b4a400a2891d7bf7a1cdf4c02de613b"
            ],
            "index": "pypi",
            "version": "==1.1.0"
        }
    },
    "develop": {
        "pprofile": {
            "hashes": [
                "sha256:3469102f462f9fc2d889970afcf73d89c0d89a36c49a4c262c3edc302b4a22da"
            ],
            "index": "pypi",
            "version": "==2.0.2"
        }
    }
}
